// !$*UTF8*$!
{
	archiveVersion = 1;
	classes = {
	};
	objectVersion = 56;
	objects = {

/* Begin PBXBuildFile section */
		A8C901802BA581720096E7CF /* ScrumdingerApp.swift in Sources */ = {isa = PBXBuildFile; fileRef = A8C9017F2BA581720096E7CF /* ScrumdingerApp.swift */; };
		A8C901822BA581720096E7CF /* MeetingView.swift in Sources */ = {isa = PBXBuildFile; fileRef = A8C901812BA581720096E7CF /* MeetingView.swift */; };
		A8C901842BA581750096E7CF /* Assets.xcassets in Resources */ = {isa = PBXBuildFile; fileRef = A8C901832BA581750096E7CF /* Assets.xcassets */; };
		A8C901872BA581750096E7CF /* Preview Assets.xcassets in Resources */ = {isa = PBXBuildFile; fileRef = A8C901862BA581750096E7CF /* Preview Assets.xcassets */; };
		A8C9018F2BA584570096E7CF /* Theme.swift in Sources */ = {isa = PBXBuildFile; fileRef = A8C9018E2BA584570096E7CF /* Theme.swift */; };
		A8C901912BA585960096E7CF /* DailyScrumModel.swift in Sources */ = {isa = PBXBuildFile; fileRef = A8C901902BA585960096E7CF /* DailyScrumModel.swift */; };
		A8C901932BA586E50096E7CF /* CardView.swift in Sources */ = {isa = PBXBuildFile; fileRef = A8C901922BA586E50096E7CF /* CardView.swift */; };
		A8C901952BA58A660096E7CF /* LabelStyle.swift in Sources */ = {isa = PBXBuildFile; fileRef = A8C901942BA58A660096E7CF /* LabelStyle.swift */; };
		A8C901972BA58C250096E7CF /* ScrumList.swift in Sources */ = {isa = PBXBuildFile; fileRef = A8C901962BA58C250096E7CF /* ScrumList.swift */; };
		A8C901992BA5932F0096E7CF /* DetailView.swift in Sources */ = {isa = PBXBuildFile; fileRef = A8C901982BA5932F0096E7CF /* DetailView.swift */; };
		A8C9019C2BA59C220096E7CF /* EditView.swift in Sources */ = {isa = PBXBuildFile; fileRef = A8C9019B2BA59C220096E7CF /* EditView.swift */; };
		A8C9019E2BA5A37D0096E7CF /* ThemeView.swift in Sources */ = {isa = PBXBuildFile; fileRef = A8C9019D2BA5A37D0096E7CF /* ThemeView.swift */; };
		A8C901A02BA5A5040096E7CF /* ThemePicker.swift in Sources */ = {isa = PBXBuildFile; fileRef = A8C9019F2BA5A5040096E7CF /* ThemePicker.swift */; };
/* End PBXBuildFile section */

/* Begin PBXFileReference section */
		A8C9017C2BA581720096E7CF /* Scrumdinger.app */ = {isa = PBXFileReference; explicitFileType = wrapper.application; includeInIndex = 0; path = Scrumdinger.app; sourceTree = BUILT_PRODUCTS_DIR; };
		A8C9017F2BA581720096E7CF /* ScrumdingerApp.swift */ = {isa = PBXFileReference; lastKnownFileType = sourcecode.swift; path = ScrumdingerApp.swift; sourceTree = "<group>"; };
		A8C901812BA581720096E7CF /* MeetingView.swift */ = {isa = PBXFileReference; lastKnownFileType = sourcecode.swift; path = MeetingView.swift; sourceTree = "<group>"; };
		A8C901832BA581750096E7CF /* Assets.xcassets */ = {isa = PBXFileReference; lastKnownFileType = folder.assetcatalog; path = Assets.xcassets; sourceTree = "<group>"; };
		A8C901862BA581750096E7CF /* Preview Assets.xcassets */ = {isa = PBXFileReference; lastKnownFileType = folder.assetcatalog; path = "Preview Assets.xcassets"; sourceTree = "<group>"; };
		A8C9018E2BA584570096E7CF /* Theme.swift */ = {isa = PBXFileReference; lastKnownFileType = sourcecode.swift; path = Theme.swift; sourceTree = "<group>"; };
		A8C901902BA585960096E7CF /* DailyScrumModel.swift */ = {isa = PBXFileReference; lastKnownFileType = sourcecode.swift; path = DailyScrumModel.swift; sourceTree = "<group>"; };
		A8C901922BA586E50096E7CF /* CardView.swift */ = {isa = PBXFileReference; lastKnownFileType = sourcecode.swift; path = CardView.swift; sourceTree = "<group>"; };
		A8C901942BA58A660096E7CF /* LabelStyle.swift */ = {isa = PBXFileReference; lastKnownFileType = sourcecode.swift; path = LabelStyle.swift; sourceTree = "<group>"; };
		A8C901962BA58C250096E7CF /* ScrumList.swift */ = {isa = PBXFileReference; lastKnownFileType = sourcecode.swift; path = ScrumList.swift; sourceTree = "<group>"; };
		A8C901982BA5932F0096E7CF /* DetailView.swift */ = {isa = PBXFileReference; lastKnownFileType = sourcecode.swift; path = DetailView.swift; sourceTree = "<group>"; };
		A8C9019B2BA59C220096E7CF /* EditView.swift */ = {isa = PBXFileReference; lastKnownFileType = sourcecode.swift; path = EditView.swift; sourceTree = "<group>"; };
		A8C9019D2BA5A37D0096E7CF /* ThemeView.swift */ = {isa = PBXFileReference; lastKnownFileType = sourcecode.swift; path = ThemeView.swift; sourceTree = "<group>"; };
		A8C9019F2BA5A5040096E7CF /* ThemePicker.swift */ = {isa = PBXFileReference; lastKnownFileType = sourcecode.swift; path = ThemePicker.swift; sourceTree = "<group>"; };
/* End PBXFileReference section */

/* Begin PBXFrameworksBuildPhase section */
		A8C901792BA581720096E7CF /* Frameworks */ = {
			isa = PBXFrameworksBuildPhase;
			buildActionMask = 2147483647;
			files = (
			);
			runOnlyForDeploymentPostprocessing = 0;
		};
/* End PBXFrameworksBuildPhase section */

/* Begin PBXGroup section */
		A8C901732BA581720096E7CF = {
			isa = PBXGroup;
			children = (
				A8C9017E2BA581720096E7CF /* Scrumdinger */,
				A8C9017D2BA581720096E7CF /* Products */,
			);
			sourceTree = "<group>";
		};
		A8C9017D2BA581720096E7CF /* Products */ = {
			isa = PBXGroup;
			children = (
				A8C9017C2BA581720096E7CF /* Scrumdinger.app */,
			);
			name = Products;
			sourceTree = "<group>";
		};
		A8C9017E2BA581720096E7CF /* Scrumdinger */ = {
			isa = PBXGroup;
			children = (
				A8C9017F2BA581720096E7CF /* ScrumdingerApp.swift */,
				A8C901812BA581720096E7CF /* MeetingView.swift */,
				A8C901922BA586E50096E7CF /* CardView.swift */,
				A8C901982BA5932F0096E7CF /* DetailView.swift */,
				A8C9019B2BA59C220096E7CF /* EditView.swift */,
				A8C9019D2BA5A37D0096E7CF /* ThemeView.swift */,
				A8C9019F2BA5A5040096E7CF /* ThemePicker.swift */,
				A8C901962BA58C250096E7CF /* ScrumList.swift */,
				A8C901942BA58A660096E7CF /* LabelStyle.swift */,
				A8C9018D2BA584420096E7CF /* Models */,
				A8C901832BA581750096E7CF /* Assets.xcassets */,
				A8C901852BA581750096E7CF /* Preview Content */,
			);
			path = Scrumdinger;
			sourceTree = "<group>";
		};
		A8C901852BA581750096E7CF /* Preview Content */ = {
			isa = PBXGroup;
			children = (
				A8C901862BA581750096E7CF /* Preview Assets.xcassets */,
			);
			path = "Preview Content";
			sourceTree = "<group>";
		};
		A8C9018D2BA584420096E7CF /* Models */ = {
			isa = PBXGroup;
			children = (
				A8C9018E2BA584570096E7CF /* Theme.swift */,
				A8C901902BA585960096E7CF /* DailyScrumModel.swift */,
			);
			path = Models;
			sourceTree = "<group>";
		};
/* End PBXGroup section */

/* Begin PBXNativeTarget section */
		A8C9017B2BA581720096E7CF /* Scrumdinger */ = {
			isa = PBXNativeTarget;
			buildConfigurationList = A8C9018A2BA581750096E7CF /* Build configuration list for PBXNativeTarget "Scrumdinger" */;
			buildPhases = (
				A8C901782BA581720096E7CF /* Sources */,
				A8C901792BA581720096E7CF /* Frameworks */,
				A8C9017A2BA581720096E7CF /* Resources */,
			);
			buildRules = (
			);
			dependencies = (
			);
			name = Scrumdinger;
			productName = Scrumdinger;
			productReference = A8C9017C2BA581720096E7CF /* Scrumdinger.app */;
			productType = "com.apple.product-type.application";
		};
/* End PBXNativeTarget section */

/* Begin PBXProject section */
		A8C901742BA581720096E7CF /* Project object */ = {
			isa = PBXProject;
			attributes = {
				BuildIndependentTargetsInParallel = 1;
				LastSwiftUpdateCheck = 1520;
				LastUpgradeCheck = 1520;
				TargetAttributes = {
					A8C9017B2BA581720096E7CF = {
						CreatedOnToolsVersion = 15.2;
					};
				};
			};
			buildConfigurationList = A8C901772BA581720096E7CF /* Build configuration list for PBXProject "Scrumdinger" */;
			compatibilityVersion = "Xcode 14.0";
			developmentRegion = en;
			hasScannedForEncodings = 0;
			knownRegions = (
				en,
				Base,
			);
			mainGroup = A8C901732BA581720096E7CF;
			productRefGroup = A8C9017D2BA581720096E7CF /* Products */;
			projectDirPath = "";
			projectRoot = "";
			targets = (
				A8C9017B2BA581720096E7CF /* Scrumdinger */,
			);
		};
/* End PBXProject section */

/* Begin PBXResourcesBuildPhase section */
		A8C9017A2BA581720096E7CF /* Resources */ = {
			isa = PBXResourcesBuildPhase;
			buildActionMask = 2147483647;
			files = (
				A8C901872BA581750096E7CF /* Preview Assets.xcassets in Resources */,
				A8C901842BA581750096E7CF /* Assets.xcassets in Resources */,
			);
			runOnlyForDeploymentPostprocessing = 0;
		};
/* End PBXResourcesBuildPhase section */

/* Begin PBXSourcesBuildPhase section */
		A8C901782BA581720096E7CF /* Sources */ = {
			isa = PBXSourcesBuildPhase;
			buildActionMask = 2147483647;
			files = (
				A8C901972BA58C250096E7CF /* ScrumList.swift in Sources */,
				A8C901992BA5932F0096E7CF /* DetailView.swift in Sources */,
				A8C9018F2BA584570096E7CF /* Theme.swift in Sources */,
				A8C901822BA581720096E7CF /* MeetingView.swift in Sources */,
				A8C901912BA585960096E7CF /* DailyScrumModel.swift in Sources */,
				A8C9019C2BA59C220096E7CF /* EditView.swift in Sources */,
				A8C901802BA581720096E7CF /* ScrumdingerApp.swift in Sources */,
				A8C901952BA58A660096E7CF /* LabelStyle.swift in Sources */,
				A8C9019E2BA5A37D0096E7CF /* ThemeView.swift in Sources */,
				A8C901932BA586E50096E7CF /* CardView.swift in Sources */,
				A8C901A02BA5A5040096E7CF /* ThemePicker.swift in Sources */,
			);
			runOnlyForDeploymentPostprocessing = 0;
		};
/* End PBXSourcesBuildPhase section */

/* Begin XCBuildConfiguration section */
		A8C901882BA581750096E7CF /* Debug */ = {
			isa = XCBuildConfiguration;
			buildSettings = {
				ALWAYS_SEARCH_USER_PATHS = NO;
				ASSETCATALOG_COMPILER_GENERATE_SWIFT_ASSET_SYMBOL_EXTENSIONS = YES;
				CLANG_ANALYZER_NONNULL = YES;
				CLANG_ANALYZER_NUMBER_OBJECT_CONVERSION = YES_AGGRESSIVE;
				CLANG_CXX_LANGUAGE_STANDARD = "gnu++20";
				CLANG_ENABLE_MODULES = YES;
				CLANG_ENABLE_OBJC_ARC = YES;
				CLANG_ENABLE_OBJC_WEAK = YES;
				CLANG_WARN_BLOCK_CAPTURE_AUTORELEASING = YES;
				CLANG_WARN_BOOL_CONVERSION = YES;
				CLANG_WARN_COMMA = YES;
				CLANG_WARN_CONSTANT_CONVERSION = YES;
				CLANG_WARN_DEPRECATED_OBJC_IMPLEMENTATIONS = YES;
				CLANG_WARN_DIRECT_OBJC_ISA_USAGE = YES_ERROR;
				CLANG_WARN_DOCUMENTATION_COMMENTS = YES;
				CLANG_WARN_EMPTY_BODY = YES;
				CLANG_WARN_ENUM_CONVERSION = YES;
				CLANG_WARN_INFINITE_RECURSION = YES;
				CLANG_WARN_INT_CONVERSION = YES;
				CLANG_WARN_NON_LITERAL_NULL_CONVERSION = YES;
				CLANG_WARN_OBJC_IMPLICIT_RETAIN_SELF = YES;
				CLANG_WARN_OBJC_LITERAL_CONVERSION = YES;
				CLANG_WARN_OBJC_ROOT_CLASS = YES_ERROR;
				CLANG_WARN_QUOTED_INCLUDE_IN_FRAMEWORK_HEADER = YES;
				CLANG_WARN_RANGE_LOOP_ANALYSIS = YES;
				CLANG_WARN_STRICT_PROTOTYPES = YES;
				CLANG_WARN_SUSPICIOUS_MOVE = YES;
				CLANG_WARN_UNGUARDED_AVAILABILITY = YES_AGGRESSIVE;
				CLANG_WARN_UNREACHABLE_CODE = YES;
				CLANG_WARN__DUPLICATE_METHOD_MATCH = YES;
				COPY_PHASE_STRIP = NO;
				DEBUG_INFORMATION_FORMAT = dwarf;
				ENABLE_STRICT_OBJC_MSGSEND = YES;
				ENABLE_TESTABILITY = YES;
				ENABLE_USER_SCRIPT_SANDBOXING = YES;
				GCC_C_LANGUAGE_STANDARD = gnu17;
				GCC_DYNAMIC_NO_PIC = NO;
				GCC_NO_COMMON_BLOCKS = YES;
				GCC_OPTIMIZATION_LEVEL = 0;
				GCC_PREPROCESSOR_DEFINITIONS = (
					"DEBUG=1",
					"$(inherited)",
				);
				GCC_WARN_64_TO_32_BIT_CONVERSION = YES;
				GCC_WARN_ABOUT_RETURN_TYPE = YES_ERROR;
				GCC_WARN_UNDECLARED_SELECTOR = YES;
				GCC_WARN_UNINITIALIZED_AUTOS = YES_AGGRESSIVE;
				GCC_WARN_UNUSED_FUNCTION = YES;
				GCC_WARN_UNUSED_VARIABLE = YES;
				IPHONEOS_DEPLOYMENT_TARGET = 17.2;
				LOCALIZATION_PREFERS_STRING_CATALOGS = YES;
				MTL_ENABLE_DEBUG_INFO = INCLUDE_SOURCE;
				MTL_FAST_MATH = YES;
				ONLY_ACTIVE_ARCH = YES;
				SDKROOT = iphoneos;
				SWIFT_ACTIVE_COMPILATION_CONDITIONS = "DEBUG $(inherited)";
				SWIFT_OPTIMIZATION_LEVEL = "-Onone";
			};
			name = Debug;
		};
		A8C901892BA581750096E7CF /* Release */ = {
			isa = XCBuildConfiguration;
			buildSettings = {
				ALWAYS_SEARCH_USER_PATHS = NO;
				ASSETCATALOG_COMPILER_GENERATE_SWIFT_ASSET_SYMBOL_EXTENSIONS = YES;
				CLANG_ANALYZER_NONNULL = YES;
				CLANG_ANALYZER_NUMBER_OBJECT_CONVERSION = YES_AGGRESSIVE;
				CLANG_CXX_LANGUAGE_STANDARD = "gnu++20";
				CLANG_ENABLE_MODULES = YES;
				CLANG_ENABLE_OBJC_ARC = YES;
				CLANG_ENABLE_OBJC_WEAK = YES;
				CLANG_WARN_BLOCK_CAPTURE_AUTORELEASING = YES;
				CLANG_WARN_BOOL_CONVERSION = YES;
				CLANG_WARN_COMMA = YES;
				CLANG_WARN_CONSTANT_CONVERSION = YES;
				CLANG_WARN_DEPRECATED_OBJC_IMPLEMENTATIONS = YES;
				CLANG_WARN_DIRECT_OBJC_ISA_USAGE = YES_ERROR;
				CLANG_WARN_DOCUMENTATION_COMMENTS = YES;
				CLANG_WARN_EMPTY_BODY = YES;
				CLANG_WARN_ENUM_CONVERSION = YES;
				CLANG_WARN_INFINITE_RECURSION = YES;
				CLANG_WARN_INT_CONVERSION = YES;
				CLANG_WARN_NON_LITERAL_NULL_CONVERSION = YES;
				CLANG_WARN_OBJC_IMPLICIT_RETAIN_SELF = YES;
				CLANG_WARN_OBJC_LITERAL_CONVERSION = YES;
				CLANG_WARN_OBJC_ROOT_CLASS = YES_ERROR;
				CLANG_WARN_QUOTED_INCLUDE_IN_FRAMEWORK_HEADER = YES;
				CLANG_WARN_RANGE_LOOP_ANALYSIS = YES;
				CLANG_WARN_STRICT_PROTOTYPES = YES;
				CLANG_WARN_SUSPICIOUS_MOVE = YES;
				CLANG_WARN_UNGUARDED_AVAILABILITY = YES_AGGRESSIVE;
				CLANG_WARN_UNREACHABLE_CODE = YES;
				CLANG_WARN__DUPLICATE_METHOD_MATCH = YES;
				COPY_PHASE_STRIP = NO;
				DEBUG_INFORMATION_FORMAT = "dwarf-with-dsym";
				ENABLE_NS_ASSERTIONS = NO;
				ENABLE_STRICT_OBJC_MSGSEND = YES;
				ENABLE_USER_SCRIPT_SANDBOXING = YES;
				GCC_C_LANGUAGE_STANDARD = gnu17;
				GCC_NO_COMMON_BLOCKS = YES;
				GCC_WARN_64_TO_32_BIT_CONVERSION = YES;
				GCC_WARN_ABOUT_RETURN_TYPE = YES_ERROR;
				GCC_WARN_UNDECLARED_SELECTOR = YES;
				GCC_WARN_UNINITIALIZED_AUTOS = YES_AGGRESSIVE;
				GCC_WARN_UNUSED_FUNCTION = YES;
				GCC_WARN_UNUSED_VARIABLE = YES;
				IPHONEOS_DEPLOYMENT_TARGET = 17.2;
				LOCALIZATION_PREFERS_STRING_CATALOGS = YES;
				MTL_ENABLE_DEBUG_INFO = NO;
				MTL_FAST_MATH = YES;
				SDKROOT = iphoneos;
				SWIFT_COMPILATION_MODE = wholemodule;
				VALIDATE_PRODUCT = YES;
			};
			name = Release;
		};
		A8C9018B2BA581750096E7CF /* Debug */ = {
			isa = XCBuildConfiguration;
			buildSettings = {
				ASSETCATALOG_COMPILER_APPICON_NAME = AppIcon;
				ASSETCATALOG_COMPILER_GLOBAL_ACCENT_COLOR_NAME = AccentColor;
				CODE_SIGN_STYLE = Automatic;
				CURRENT_PROJECT_VERSION = 1;
				DEVELOPMENT_ASSET_PATHS = "\"Scrumdinger/Preview Content\"";
				DEVELOPMENT_TEAM = 943X57G6KF;
				ENABLE_PREVIEWS = YES;
				GENERATE_INFOPLIST_FILE = YES;
				INFOPLIST_KEY_UIApplicationSceneManifest_Generation = YES;
				INFOPLIST_KEY_UIApplicationSupportsIndirectInputEvents = YES;
				INFOPLIST_KEY_UILaunchScreen_Generation = YES;
				INFOPLIST_KEY_UISupportedInterfaceOrientations_iPad = "UIInterfaceOrientationPortrait UIInterfaceOrientationPortraitUpsideDown UIInterfaceOrientationLandscapeLeft UIInterfaceOrientationLandscapeRight";
				INFOPLIST_KEY_UISupportedInterfaceOrientations_iPhone = "UIInterfaceOrientationPortrait UIInterfaceOrientationLandscapeLeft UIInterfaceOrientationLandscapeRight";
				LD_RUNPATH_SEARCH_PATHS = (
					"$(inherited)",
					"@executable_path/Frameworks",
				);
				MARKETING_VERSION = 1.0;
				PRODUCT_BUNDLE_IDENTIFIER = com.Scrumdinger;
				PRODUCT_NAME = "$(TARGET_NAME)";
				SWIFT_EMIT_LOC_STRINGS = YES;
				SWIFT_VERSION = 5.0;
				TARGETED_DEVICE_FAMILY = "1,2";
			};
			name = Debug;
		};
		A8C9018C2BA581750096E7CF /* Release */ = {
			isa = XCBuildConfiguration;
			buildSettings = {
				ASSETCATALOG_COMPILER_APPICON_NAME = AppIcon;
				ASSETCATALOG_COMPILER_GLOBAL_ACCENT_COLOR_NAME = AccentColor;
				CODE_SIGN_STYLE = Automatic;
				CURRENT_PROJECT_VERSION = 1;
				DEVELOPMENT_ASSET_PATHS = "\"Scrumdinger/Preview Content\"";
				DEVELOPMENT_TEAM = 943X57G6KF;
				ENABLE_PREVIEWS = YES;
				GENERATE_INFOPLIST_FILE = YES;
				INFOPLIST_KEY_UIApplicationSceneManifest_Generation = YES;
				INFOPLIST_KEY_UIApplicationSupportsIndirectInputEvents = YES;
				INFOPLIST_KEY_UILaunchScreen_Generation = YES;
				INFOPLIST_KEY_UISupportedInterfaceOrientations_iPad = "UIInterfaceOrientationPortrait UIInterfaceOrientationPortraitUpsideDown UIInterfaceOrientationLandscapeLeft UIInterfaceOrientationLandscapeRight";
				INFOPLIST_KEY_UISupportedInterfaceOrientations_iPhone = "UIInterfaceOrientationPortrait UIInterfaceOrientationLandscapeLeft UIInterfaceOrientationLandscapeRight";
				LD_RUNPATH_SEARCH_PATHS = (
					"$(inherited)",
					"@executable_path/Frameworks",
				);
				MARKETING_VERSION = 1.0;
				PRODUCT_BUNDLE_IDENTIFIER = com.Scrumdinger;
				PRODUCT_NAME = "$(TARGET_NAME)";
				SWIFT_EMIT_LOC_STRINGS = YES;
				SWIFT_VERSION = 5.0;
				TARGETED_DEVICE_FAMILY = "1,2";
			};
			name = Release;
		};
/* End XCBuildConfiguration section */

/* Begin XCConfigurationList section */
		A8C901772BA581720096E7CF /* Build configuration list for PBXProject "Scrumdinger" */ = {
			isa = XCConfigurationList;
			buildConfigurations = (
				A8C901882BA581750096E7CF /* Debug */,
				A8C901892BA581750096E7CF /* Release */,
			);
			defaultConfigurationIsVisible = 0;
			defaultConfigurationName = Release;
		};
		A8C9018A2BA581750096E7CF /* Build configuration list for PBXNativeTarget "Scrumdinger" */ = {
			isa = XCConfigurationList;
			buildConfigurations = (
				A8C9018B2BA581750096E7CF /* Debug */,
				A8C9018C2BA581750096E7CF /* Release */,
			);
			defaultConfigurationIsVisible = 0;
			defaultConfigurationName = Release;
		};
/* End XCConfigurationList section */
	};
	rootObject = A8C901742BA581720096E7CF /* Project object */;
}
